PODS:
  - Alamofire (4.8.2)
  - FBSnapshotTestCase (2.1.4):
    - FBSnapshotTestCase/SwiftSupport (= 2.1.4)
  - FBSnapshotTestCase/Core (2.1.4)
  - FBSnapshotTestCase/SwiftSupport (2.1.4):
    - FBSnapshotTestCase/Core
  - Hero (1.4.0)
  - IQKeyboardManagerSwift (6.3.0)
  - QorumLogs (0.9)
  - SnapKit (4.0.1)
  - SwiftyJSON (5.0.0)
  - topsiOSPro (0.1.5.4):
    - Alamofire
    - Hero
    - IQKeyboardManagerSwift
    - QorumLogs
    - SnapKit
    - SwiftyJSON

DEPENDENCIES:
  - FBSnapshotTestCase (~> 2.1.4)
  - topsiOSPro (from `../`)

SPEC REPOS:
  https://github.com/cocoapods/specs.git:
    - Alamofire
    - FBSnapshotTestCase
    - Hero
    - IQKeyboardManagerSwift
    - QorumLogs
    - SnapKit
    - SwiftyJSON

EXTERNAL SOURCES:
  topsiOSPro:
    :path: "../"

SPEC CHECKSUMS:
  Alamofire: ae5c501addb7afdbb13687d7f2f722c78734c2d3
  FBSnapshotTestCase: 094f9f314decbabe373b87cc339bea235a63e07a
  Hero: bac92350d7201a1a940003e0767c7b52ce7c99a1
  IQKeyboardManagerSwift: a8228c257614af98743b4cd8584637025f36358f
  QorumLogs: 9a484df6973a3697ac79fe2273140fde6b36dccc
  SnapKit: 0de968a9fec17499afa29683b05d0c775b6d1c29
  SwiftyJSON: 36413e04c44ee145039d332b4f4e2d3e8d6c4db7
  topsiOSPro: 7b2c6f96bba568e30507668727895f5842b2a749

PODFILE CHECKSUM: 52c78605c762ccac7e90552fa391da2f1ba80826

COCOAPODS: 1.7.0
